
Microsoft Visual Studio Solution File, Format Version 11.00
# Visual Studio 2010
Project("{FAE04EC0-301F-11D3-BF4B-00C04F79EFBC}") = "prg-5", "prg-5\prg-5.csproj", "{5AEF9382-0A9F-4F67-8B7A-F41BA56EC77E}"
EndProject
Global
	GlobalSection(SolutionConfigurationPlatforms) = preSolution
		Debug|x86 = Debug|x86
		Release|x86 = Release|x86
	EndGlobalSection
	GlobalSection(ProjectConfigurationPlatforms) = postSolution
		{5AEF9382-0A9F-4F67-8B7A-F41BA56EC77E}.Debug|x86.ActiveCfg = Debug|x86
		{5AEF9382-0A9F-4F67-8B7A-F41BA56EC77E}.Debug|x86.Build.0 = Debug|x86
		{5AEF9382-0A9F-4F67-8B7A-F41BA56EC77E}.Release|x86.ActiveCfg = Release|x86
		{5AEF9382-0A9F-4F67-8B7A-F41BA56EC77E}.Release|x86.Build.0 = Release|x86
	EndGlobalSection
	GlobalSection(SolutionProperties) = preSolution
		HideSolutionNode = FALSE
	EndGlobalSection
EndGlobal
